PODS:
  - BSNumPad (0.1.4)
  - NSDate+Helpers (0.1.2)

DEPENDENCIES:
  - BSNumPad (from `https://github.com/Bogdan-Stasjuk/BSNumPad.git`)
  - NSDate+Helpers (from `https://github.com/Bogdan-Stasjuk/NSDate-Helpers.git`)

EXTERNAL SOURCES:
  BSNumPad:
    :git: https://github.com/Bogdan-Stasjuk/BSNumPad.git
  NSDate+Helpers:
    :git: https://github.com/Bogdan-Stasjuk/NSDate-Helpers.git

SPEC CHECKSUMS:
  BSNumPad: 6a3b615ef7d7815ca8e78040be0321916ac92f93
  NSDate+Helpers: dd00af55a03de283cc73993d4ab789cc338d7dcf

COCOAPODS: 0.33.1
